
Microsoft Visual Studio Solution File, Format Version 12.00
# Visual Studio 14
VisualStudioVersion = 14.0.25420.1
MinimumVisualStudioVersion = 10.0.40219.1
Project("{FAE04EC0-301F-11D3-BF4B-00C04F79EFBC}") = "ChiDaoTuyen.Common", "ChiDaoTuyen.Common\ChiDaoTuyen.Common.csproj", "{0A747342-DE8B-4CCB-AAA8-1F164EDE84F8}"
EndProject
Project("{FAE04EC0-301F-11D3-BF4B-00C04F79EFBC}") = "ChiDaoTuyen.Data", "ChiDaoTuyen.Data\ChiDaoTuyen.Data.csproj", "{CA9D1CA0-34F5-466C-90C6-DA10DC4276A0}"
EndProject
Project("{FAE04EC0-301F-11D3-BF4B-00C04F79EFBC}") = "ChiDaoTuyen.Model", "ChiDaoTuyen.Model\ChiDaoTuyen.Model.csproj", "{98A57D23-3051-4C56-8F71-0B789F097F7A}"
EndProject
Project("{FAE04EC0-301F-11D3-BF4B-00C04F79EFBC}") = "ChiDaoTuyen.Service", "ChiDaoTuyen.Service\ChiDaoTuyen.Service.csproj", "{92A2E8CB-D7D8-4A7E-A33F-343CFDE6B993}"
EndProject
Project("{FAE04EC0-301F-11D3-BF4B-00C04F79EFBC}") = "ChiDaoTuyen.UnitTest", "ChiDaoTuyen.UnitTest\ChiDaoTuyen.UnitTest.csproj", "{9F15DEDC-E601-429F-957E-D8DD8294D187}"
EndProject
Project("{FAE04EC0-301F-11D3-BF4B-00C04F79EFBC}") = "ChiDaoTuyen.Web", "ChiDaoTuyen.Web\ChiDaoTuyen.Web.csproj", "{45371061-554C-4B49-84F0-2273E126967E}"
EndProject
Global
	GlobalSection(SolutionConfigurationPlatforms) = preSolution
		Debug|Any CPU = Debug|Any CPU
		Release|Any CPU = Release|Any CPU
	EndGlobalSection
	GlobalSection(ProjectConfigurationPlatforms) = postSolution
		{0A747342-DE8B-4CCB-AAA8-1F164EDE84F8}.Debug|Any CPU.ActiveCfg = Debug|Any CPU
		{0A747342-DE8B-4CCB-AAA8-1F164EDE84F8}.Debug|Any CPU.Build.0 = Debug|Any CPU
		{0A747342-DE8B-4CCB-AAA8-1F164EDE84F8}.Release|Any CPU.ActiveCfg = Release|Any CPU
		{0A747342-DE8B-4CCB-AAA8-1F164EDE84F8}.Release|Any CPU.Build.0 = Release|Any CPU
		{CA9D1CA0-34F5-466C-90C6-DA10DC4276A0}.Debug|Any CPU.ActiveCfg = Debug|Any CPU
		{CA9D1CA0-34F5-466C-90C6-DA10DC4276A0}.Debug|Any CPU.Build.0 = Debug|Any CPU
		{CA9D1CA0-34F5-466C-90C6-DA10DC4276A0}.Release|Any CPU.ActiveCfg = Release|Any CPU
		{CA9D1CA0-34F5-466C-90C6-DA10DC4276A0}.Release|Any CPU.Build.0 = Release|Any CPU
		{98A57D23-3051-4C56-8F71-0B789F097F7A}.Debug|Any CPU.ActiveCfg = Debug|Any CPU
		{98A57D23-3051-4C56-8F71-0B789F097F7A}.Debug|Any CPU.Build.0 = Debug|Any CPU
		{98A57D23-3051-4C56-8F71-0B789F097F7A}.Release|Any CPU.ActiveCfg = Release|Any CPU
		{98A57D23-3051-4C56-8F71-0B789F097F7A}.Release|Any CPU.Build.0 = Release|Any CPU
		{92A2E8CB-D7D8-4A7E-A33F-343CFDE6B993}.Debug|Any CPU.ActiveCfg = Debug|Any CPU
		{92A2E8CB-D7D8-4A7E-A33F-343CFDE6B993}.Debug|Any CPU.Build.0 = Debug|Any CPU
		{92A2E8CB-D7D8-4A7E-A33F-343CFDE6B993}.Release|Any CPU.ActiveCfg = Release|Any CPU
		{92A2E8CB-D7D8-4A7E-A33F-343CFDE6B993}.Release|Any CPU.Build.0 = Release|Any CPU
		{9F15DEDC-E601-429F-957E-D8DD8294D187}.Debug|Any CPU.ActiveCfg = Debug|Any CPU
		{9F15DEDC-E601-429F-957E-D8DD8294D187}.Debug|Any CPU.Build.0 = Debug|Any CPU
		{9F15DEDC-E601-429F-957E-D8DD8294D187}.Release|Any CPU.ActiveCfg = Release|Any CPU
		{9F15DEDC-E601-429F-957E-D8DD8294D187}.Release|Any CPU.Build.0 = Release|Any CPU
		{45371061-554C-4B49-84F0-2273E126967E}.Debug|Any CPU.ActiveCfg = Debug|Any CPU
		{45371061-554C-4B49-84F0-2273E126967E}.Debug|Any CPU.Build.0 = Debug|Any CPU
		{45371061-554C-4B49-84F0-2273E126967E}.Release|Any CPU.ActiveCfg = Release|Any CPU
		{45371061-554C-4B49-84F0-2273E126967E}.Release|Any CPU.Build.0 = Release|Any CPU
	EndGlobalSection
	GlobalSection(SolutionProperties) = preSolution
		HideSolutionNode = FALSE
	EndGlobalSection
EndGlobal
